
Microsoft Visual Studio Solution File, Format Version 12.00
# Visual Studio 15
VisualStudioVersion = 15.0.28307.779
MinimumVisualStudioVersion = 10.0.40219.1
Project("{FAE04EC0-301F-11D3-BF4B-00C04F79EFBC}") = "HowManyDo", "HowManyDo\HowManyDo.csproj", "{DAFE45BE-9813-43C8-AD28-67F3CF8BC395}"
EndProject
Global
	GlobalSection(SolutionConfigurationPlatforms) = preSolution
		Debug|Any CPU = Debug|Any CPU
		Release|Any CPU = Release|Any CPU
	EndGlobalSection
	GlobalSection(ProjectConfigurationPlatforms) = postSolution
		{DAFE45BE-9813-43C8-AD28-67F3CF8BC395}.Debug|Any CPU.ActiveCfg = Debug|Any CPU
		{DAFE45BE-9813-43C8-AD28-67F3CF8BC395}.Debug|Any CPU.Build.0 = Debug|Any CPU
		{DAFE45BE-9813-43C8-AD28-67F3CF8BC395}.Release|Any CPU.ActiveCfg = Release|Any CPU
		{DAFE45BE-9813-43C8-AD28-67F3CF8BC395}.Release|Any CPU.Build.0 = Release|Any CPU
	EndGlobalSection
	GlobalSection(SolutionProperties) = preSolution
		HideSolutionNode = FALSE
	EndGlobalSection
	GlobalSection(ExtensibilityGlobals) = postSolution
		SolutionGuid = {5715ADCC-9D72-4201-99AB-AD5CD956BF40}
	EndGlobalSection
EndGlobal
